
Microsoft Visual Studio Solution File, Format Version 12.00
# Visual Studio 2013
VisualStudioVersion = 12.0.30110.0
MinimumVisualStudioVersion = 10.0.40219.1
Project("{FAE04EC0-301F-11D3-BF4B-00C04F79EFBC}") = "UD2.AcceptanceTests", "UD2.AcceptanceTests\UD2.AcceptanceTests.csproj", "{96B72C31-36D3-46AF-A2D8-A015A0CC0542}"
	ProjectSection(ProjectDependencies) = postProject
		{71523C8B-7F30-4454-BAFF-AA2F9B044854} = {71523C8B-7F30-4454-BAFF-AA2F9B044854}
	EndProjectSection
EndProject
Project("{FAE04EC0-301F-11D3-BF4B-00C04F79EFBC}") = "UD2", "UD2\UD2.csproj", "{71523C8B-7F30-4454-BAFF-AA2F9B044854}"
EndProject
Project("{2150E333-8FDC-42A3-9474-1A3956D46DE8}") = "Solution Items", "Solution Items", "{C59147A1-7B3A-44C6-B252-C013F2A4B71A}"
	ProjectSection(SolutionItems) = preProject
		todo.txt = todo.txt
	EndProjectSection
EndProject
Project("{FAE04EC0-301F-11D3-BF4B-00C04F79EFBC}") = "CMS", "CMS\CMS.csproj", "{186DFF01-B02D-4A6C-B134-D2072B8C90E2}"
EndProject
Project("{2150E333-8FDC-42A3-9474-1A3956D46DE8}") = ".nuget", ".nuget", "{A4558D9D-9098-4F13-B2A2-DE78416E691F}"
	ProjectSection(SolutionItems) = preProject
		.nuget\NuGet.Config = .nuget\NuGet.Config
		.nuget\NuGet.exe = .nuget\NuGet.exe
		.nuget\NuGet.targets = .nuget\NuGet.targets
	EndProjectSection
EndProject
Global
	GlobalSection(SolutionConfigurationPlatforms) = preSolution
		Debug|Any CPU = Debug|Any CPU
		Release|Any CPU = Release|Any CPU
	EndGlobalSection
	GlobalSection(ProjectConfigurationPlatforms) = postSolution
		{96B72C31-36D3-46AF-A2D8-A015A0CC0542}.Debug|Any CPU.ActiveCfg = Debug|Any CPU
		{96B72C31-36D3-46AF-A2D8-A015A0CC0542}.Debug|Any CPU.Build.0 = Debug|Any CPU
		{96B72C31-36D3-46AF-A2D8-A015A0CC0542}.Release|Any CPU.ActiveCfg = Release|Any CPU
		{96B72C31-36D3-46AF-A2D8-A015A0CC0542}.Release|Any CPU.Build.0 = Release|Any CPU
		{71523C8B-7F30-4454-BAFF-AA2F9B044854}.Debug|Any CPU.ActiveCfg = Debug|Any CPU
		{71523C8B-7F30-4454-BAFF-AA2F9B044854}.Debug|Any CPU.Build.0 = Debug|Any CPU
		{71523C8B-7F30-4454-BAFF-AA2F9B044854}.Release|Any CPU.ActiveCfg = Release|Any CPU
		{71523C8B-7F30-4454-BAFF-AA2F9B044854}.Release|Any CPU.Build.0 = Release|Any CPU
		{186DFF01-B02D-4A6C-B134-D2072B8C90E2}.Debug|Any CPU.ActiveCfg = Debug|Any CPU
		{186DFF01-B02D-4A6C-B134-D2072B8C90E2}.Debug|Any CPU.Build.0 = Debug|Any CPU
		{186DFF01-B02D-4A6C-B134-D2072B8C90E2}.Release|Any CPU.ActiveCfg = Release|Any CPU
		{186DFF01-B02D-4A6C-B134-D2072B8C90E2}.Release|Any CPU.Build.0 = Release|Any CPU
	EndGlobalSection
	GlobalSection(SolutionProperties) = preSolution
		HideSolutionNode = FALSE
	EndGlobalSection
EndGlobal
